
Microsoft Visual Studio Solution File, Format Version 12.00
# Visual Studio Version 17
VisualStudioVersion = 17.9.34902.65
MinimumVisualStudioVersion = 10.0.40219.1
Project("{FAE04EC0-301F-11D3-BF4B-00C04F79EFBC}") = "StudentRegisterFormAPI", "StudentRegisterFormAPI.csproj", "{1CD93348-EF80-4DB6-8A0D-E04CE9D7096D}"
EndProject
Global
	GlobalSection(SolutionConfigurationPlatforms) = preSolution
		Debug|Any CPU = Debug|Any CPU
		Release|Any CPU = Release|Any CPU
	EndGlobalSection
	GlobalSection(ProjectConfigurationPlatforms) = postSolution
		{1CD93348-EF80-4DB6-8A0D-E04CE9D7096D}.Debug|Any CPU.ActiveCfg = Debug|Any CPU
		{1CD93348-EF80-4DB6-8A0D-E04CE9D7096D}.Debug|Any CPU.Build.0 = Debug|Any CPU
		{1CD93348-EF80-4DB6-8A0D-E04CE9D7096D}.Release|Any CPU.ActiveCfg = Release|Any CPU
		{1CD93348-EF80-4DB6-8A0D-E04CE9D7096D}.Release|Any CPU.Build.0 = Release|Any CPU
	EndGlobalSection
	GlobalSection(SolutionProperties) = preSolution
		HideSolutionNode = FALSE
	EndGlobalSection
	GlobalSection(ExtensibilityGlobals) = postSolution
		SolutionGuid = {F46E6FE4-64AB-43D8-BF79-F76A439F5D7A}
	EndGlobalSection
EndGlobal
